
Microsoft Visual Studio Solution File, Format Version 12.00
# Visual Studio Version 17
VisualStudioVersion = 17.10.35201.131
MinimumVisualStudioVersion = 10.0.40219.1
Project("{9A19103F-16F7-4668-BE54-9A1E7A4F7556}") = "FirstClassDetailing", "FirstClassDetailing\FirstClassDetailing.csproj", "{705C0CA2-E791-43A6-AA89-65B5A156071F}"
EndProject
Global
	GlobalSection(SolutionConfigurationPlatforms) = preSolution
		Debug|Any CPU = Debug|Any CPU
		Release|Any CPU = Release|Any CPU
	EndGlobalSection
	GlobalSection(ProjectConfigurationPlatforms) = postSolution
		{705C0CA2-E791-43A6-AA89-65B5A156071F}.Debug|Any CPU.ActiveCfg = Debug|Any CPU
		{705C0CA2-E791-43A6-AA89-65B5A156071F}.Debug|Any CPU.Build.0 = Debug|Any CPU
		{705C0CA2-E791-43A6-AA89-65B5A156071F}.Release|Any CPU.ActiveCfg = Release|Any CPU
		{705C0CA2-E791-43A6-AA89-65B5A156071F}.Release|Any CPU.Build.0 = Release|Any CPU
	EndGlobalSection
	GlobalSection(SolutionProperties) = preSolution
		HideSolutionNode = FALSE
	EndGlobalSection
	GlobalSection(ExtensibilityGlobals) = postSolution
		SolutionGuid = {66F88614-1D61-46B7-94D6-8241C65B30F9}
	EndGlobalSection
EndGlobal
